{
  "name": "@fredlackey/devutils",
  "version": "0.0.9",
  "lockfileVersion": 3,
  "requires": true,
  "packages": {
    "": {
      "name": "@fredlackey/devutils",
      "version": "0.0.9",
      "license": "Apache-2.0",
      "dependencies": {
        "commander": "^12.0.0"
      },
      "bin": {
        "packages": "src/scripts/packages.js",
        "afk": "src/scripts/afk.js",
        "backup-all": "src/scripts/backup-all.js",
        "backup-source": "src/scripts/backup-source.js",
        "brewd": "src/scripts/brewd.js",
        "brewi": "src/scripts/brewi.js",
        "brewr": "src/scripts/brewr.js",
        "brews": "src/scripts/brews.js",
        "brewu": "src/scripts/brewu.js",
        "c": "src/scripts/c.js",
        "ccurl": "src/scripts/ccurl.js",
        "certbot-crontab-init": "src/scripts/certbot-crontab-init.js",
        "certbot-init": "src/scripts/certbot-init.js",
        "ch": "src/scripts/ch.js",
        "claude-danger": "src/scripts/claude-danger.js",
        "clean-dev": "src/scripts/clean-dev.js",
        "clear-dns-cache": "src/scripts/clear-dns-cache.js",
        "clone": "src/scripts/clone.js",
        "code-all": "src/scripts/code-all.js",
        "count": "src/scripts/count.js",
        "count-files": "src/scripts/count-files.js",
        "count-folders": "src/scripts/count-folders.js",
        "d": "src/scripts/d.js",
        "datauri": "src/scripts/datauri.js",
        "delete-files": "src/scripts/delete-files.js",
        "dev": "bin/dev.js",
        "docker-clean": "src/scripts/docker-clean.js",
        "dp": "src/scripts/dp.js",
        "e": "src/scripts/e.js",
        "empty-trash": "src/scripts/empty-trash.js",
        "evm": "src/scripts/evm.js",
        "fetch-github-repos": "src/scripts/fetch-github-repos.js",
        "get-channel": "src/scripts/get-channel.js",
        "get-course": "src/scripts/get-course.js",
        "get-dependencies": "src/scripts/get-dependencies.js",
        "get-folder": "src/scripts/get-folder.js",
        "get-tunes": "src/scripts/get-tunes.js",
        "get-video": "src/scripts/get-video.js",
        "git-backup": "src/scripts/git-backup.js",
        "git-clone": "src/scripts/git-clone.js",
        "git-pup": "src/scripts/git-pup.js",
        "git-push": "src/scripts/git-push.js",
        "h": "src/scripts/h.js",
        "hide-desktop-icons": "src/scripts/hide-desktop-icons.js",
        "hide-hidden-files": "src/scripts/hide-hidden-files.js",
        "install-dependencies-from": "src/scripts/install-dependencies-from.js",
        "ips": "src/scripts/ips.js",
        "iso": "src/scripts/iso.js",
        "killni": "src/scripts/killni.js",
        "ll": "src/scripts/ll.js",
        "local-ip": "src/scripts/local-ip.js",
        "m": "src/scripts/m.js",
        "map": "src/scripts/map.js",
        "mkd": "src/scripts/mkd.js",
        "ncu-update-all": "src/scripts/ncu-update-all.js",
        "nginx-init": "src/scripts/nginx-init.js",
        "npmi": "src/scripts/npmi.js",
        "o": "src/scripts/o.js",
        "org-by-date": "src/scripts/org-by-date.js",
        "p": "src/scripts/p.js",
        "path": "src/scripts/path.js",
        "ports": "src/scripts/ports.js",
        "q": "src/scripts/q.js",
        "refresh-files": "src/scripts/refresh-files.js",
        "remove-smaller-files": "src/scripts/remove-smaller-files.js",
        "rename-files-with-date": "src/scripts/rename-files-with-date.js",
        "resize-image": "src/scripts/resize-image.js",
        "rm-safe": "src/scripts/rm-safe.js",
        "s": "src/scripts/s.js",
        "set-git-public": "src/scripts/set-git-public.js",
        "show-desktop-icons": "src/scripts/show-desktop-icons.js",
        "show-hidden-files": "src/scripts/show-hidden-files.js",
        "tpa": "src/scripts/tpa.js",
        "tpo": "src/scripts/tpo.js",
        "u": "src/scripts/u.js",
        "vpush": "src/scripts/vpush.js",
        "y": "src/scripts/y.js"
      }
    },
    "node_modules/commander": {
      "version": "12.1.0",
      "resolved": "https://registry.npmjs.org/commander/-/commander-12.1.0.tgz",
      "integrity": "sha512-Vw8qHK3bZM9y/P10u3Vib8o/DdkvA2OtPtZvD871QKjy74Wj1WSKFILMPRPSdUSx5RFK1arlJzEtA4PkFgnbuA==",
      "license": "MIT",
      "engines": {
        "node": ">=18"
      }
    }
  }
}
